# THIS IS AN AUTOGENERATED FILE. DO NOT EDIT THIS FILE DIRECTLY.
# yarn lockfile v1


serverless-http@^1.9.0:
  version "1.9.0"
  resolved "https://registry.yarnpkg.com/serverless-http/-/serverless-http-1.9.0.tgz#2326aa49020d303f374494504325b4c40bd7db41"
  integrity sha512-FIwGRE8e07ezj4wKIRlagHtoCoBDkxyNuUKujLjKNzpqIVVnXnIzNw1Jh5wW+keZS0ywY3c9QWnQZTRzgpADfw==
